
Microsoft Visual Studio Solution File, Format Version 12.00
# Visual Studio Version 16
VisualStudioVersion = 16.0.31729.503
MinimumVisualStudioVersion = 10.0.40219.1
Project("{FAE04EC0-301F-11D3-BF4B-00C04F79EFBC}") = "P2_2_1204039", "P2_2_1204039\P2_2_1204039.csproj", "{909FD3EE-F722-450F-9997-E9F8A08FA899}"
EndProject
Global
	GlobalSection(SolutionConfigurationPlatforms) = preSolution
		Debug|Any CPU = Debug|Any CPU
		Release|Any CPU = Release|Any CPU
	EndGlobalSection
	GlobalSection(ProjectConfigurationPlatforms) = postSolution
		{909FD3EE-F722-450F-9997-E9F8A08FA899}.Debug|Any CPU.ActiveCfg = Debug|Any CPU
		{909FD3EE-F722-450F-9997-E9F8A08FA899}.Debug|Any CPU.Build.0 = Debug|Any CPU
		{909FD3EE-F722-450F-9997-E9F8A08FA899}.Release|Any CPU.ActiveCfg = Release|Any CPU
		{909FD3EE-F722-450F-9997-E9F8A08FA899}.Release|Any CPU.Build.0 = Release|Any CPU
	EndGlobalSection
	GlobalSection(SolutionProperties) = preSolution
		HideSolutionNode = FALSE
	EndGlobalSection
	GlobalSection(ExtensibilityGlobals) = postSolution
		SolutionGuid = {9F91F04A-80C7-43AB-880D-4A0375FFAC5D}
	EndGlobalSection
EndGlobal
